// !$*UTF8*$!
{
	archiveVersion = 1;
	classes = {
	};
	objectVersion = 48;
	objects = {

/* Begin PBXBuildFile section */
		CA236A0050EAE24738C9CF40 /* Pods_ChatPro.framework in Frameworks */ = {isa = PBXBuildFile; fileRef = B80D8175176C5BD7AD90187C /* Pods_ChatPro.framework */; };
		F5E834C220676636001F1E0F /* AppDelegate.swift in Sources */ = {isa = PBXBuildFile; fileRef = F5E834C120676636001F1E0F /* AppDelegate.swift */; };
		F5E834C420676636001F1E0F /* ViewController.swift in Sources */ = {isa = PBXBuildFile; fileRef = F5E834C320676636001F1E0F /* ViewController.swift */; };
		F5E834C720676636001F1E0F /* Main.storyboard in Resources */ = {isa = PBXBuildFile; fileRef = F5E834C520676636001F1E0F /* Main.storyboard */; };
		F5E834C920676636001F1E0F /* Assets.xcassets in Resources */ = {isa = PBXBuildFile; fileRef = F5E834C820676636001F1E0F /* Assets.xcassets */; };
		F5E834CC20676636001F1E0F /* LaunchScreen.storyboard in Resources */ = {isa = PBXBuildFile; fileRef = F5E834CA20676636001F1E0F /* LaunchScreen.storyboard */; };
		F5E834D820676A8B001F1E0F /* SWRevealViewController.m in Sources */ = {isa = PBXBuildFile; fileRef = F5E834D720676A8B001F1E0F /* SWRevealViewController.m */; };
		F5E834DD206779B8001F1E0F /* ChannelVC.swift in Sources */ = {isa = PBXBuildFile; fileRef = F5E834DC206779B8001F1E0F /* ChannelVC.swift */; };
		F5E834DF206779C7001F1E0F /* ChatVC.swift in Sources */ = {isa = PBXBuildFile; fileRef = F5E834DE206779C7001F1E0F /* ChatVC.swift */; };
		F5E834E120677A4E001F1E0F /* LoginVC.swift in Sources */ = {isa = PBXBuildFile; fileRef = F5E834E020677A4E001F1E0F /* LoginVC.swift */; };
		F5E834E320677A62001F1E0F /* CreateAccountVC.swift in Sources */ = {isa = PBXBuildFile; fileRef = F5E834E220677A62001F1E0F /* CreateAccountVC.swift */; };
		F5E834E720677BCC001F1E0F /* GradientView.swift in Sources */ = {isa = PBXBuildFile; fileRef = F5E834E620677BCC001F1E0F /* GradientView.swift */; };
		F5E834EA20679814001F1E0F /* Constants.swift in Sources */ = {isa = PBXBuildFile; fileRef = F5E834E920679814001F1E0F /* Constants.swift */; };
/* End PBXBuildFile section */

/* Begin PBXFileReference section */
		733D1813465272CF913A7E27 /* Pods-ChatPro.debug.xcconfig */ = {isa = PBXFileReference; includeInIndex = 1; lastKnownFileType = text.xcconfig; name = "Pods-ChatPro.debug.xcconfig"; path = "Pods/Target Support Files/Pods-ChatPro/Pods-ChatPro.debug.xcconfig"; sourceTree = "<group>"; };
		9D38F4D1EAAE1F71D36D6715 /* Pods-ChatPro.release.xcconfig */ = {isa = PBXFileReference; includeInIndex = 1; lastKnownFileType = text.xcconfig; name = "Pods-ChatPro.release.xcconfig"; path = "Pods/Target Support Files/Pods-ChatPro/Pods-ChatPro.release.xcconfig"; sourceTree = "<group>"; };
		B80D8175176C5BD7AD90187C /* Pods_ChatPro.framework */ = {isa = PBXFileReference; explicitFileType = wrapper.framework; includeInIndex = 0; path = Pods_ChatPro.framework; sourceTree = BUILT_PRODUCTS_DIR; };
		F5E834BE20676636001F1E0F /* ChatPro.app */ = {isa = PBXFileReference; explicitFileType = wrapper.application; includeInIndex = 0; path = ChatPro.app; sourceTree = BUILT_PRODUCTS_DIR; };
		F5E834C120676636001F1E0F /* AppDelegate.swift */ = {isa = PBXFileReference; lastKnownFileType = sourcecode.swift; path = AppDelegate.swift; sourceTree = "<group>"; };
		F5E834C320676636001F1E0F /* ViewController.swift */ = {isa = PBXFileReference; lastKnownFileType = sourcecode.swift; path = ViewController.swift; sourceTree = "<group>"; };
		F5E834C620676636001F1E0F /* Base */ = {isa = PBXFileReference; lastKnownFileType = file.storyboard; name = Base; path = Base.lproj/Main.storyboard; sourceTree = "<group>"; };
		F5E834C820676636001F1E0F /* Assets.xcassets */ = {isa = PBXFileReference; lastKnownFileType = folder.assetcatalog; path = Assets.xcassets; sourceTree = "<group>"; };
		F5E834CB20676636001F1E0F /* Base */ = {isa = PBXFileReference; lastKnownFileType = file.storyboard; name = Base; path = Base.lproj/LaunchScreen.storyboard; sourceTree = "<group>"; };
		F5E834CD20676636001F1E0F /* Info.plist */ = {isa = PBXFileReference; lastKnownFileType = text.plist.xml; path = Info.plist; sourceTree = "<group>"; };
		F5E834D520676A8A001F1E0F /* ChatPro-Bridging-Header.h */ = {isa = PBXFileReference; lastKnownFileType = sourcecode.c.h; path = "ChatPro-Bridging-Header.h"; sourceTree = "<group>"; };
		F5E834D620676A8B001F1E0F /* SWRevealViewController.h */ = {isa = PBXFileReference; fileEncoding = 4; lastKnownFileType = sourcecode.c.h; path = SWRevealViewController.h; sourceTree = "<group>"; };
		F5E834D720676A8B001F1E0F /* SWRevealViewController.m */ = {isa = PBXFileReference; fileEncoding = 4; lastKnownFileType = sourcecode.c.objc; path = SWRevealViewController.m; sourceTree = "<group>"; };
		F5E834DC206779B8001F1E0F /* ChannelVC.swift */ = {isa = PBXFileReference; lastKnownFileType = sourcecode.swift; path = ChannelVC.swift; sourceTree = "<group>"; };
		F5E834DE206779C7001F1E0F /* ChatVC.swift */ = {isa = PBXFileReference; lastKnownFileType = sourcecode.swift; path = ChatVC.swift; sourceTree = "<group>"; };
		F5E834E020677A4E001F1E0F /* LoginVC.swift */ = {isa = PBXFileReference; lastKnownFileType = sourcecode.swift; path = LoginVC.swift; sourceTree = "<group>"; };
		F5E834E220677A62001F1E0F /* CreateAccountVC.swift */ = {isa = PBXFileReference; lastKnownFileType = sourcecode.swift; path = CreateAccountVC.swift; sourceTree = "<group>"; };
		F5E834E620677BCC001F1E0F /* GradientView.swift */ = {isa = PBXFileReference; lastKnownFileType = sourcecode.swift; path = GradientView.swift; sourceTree = "<group>"; };
		F5E834E920679814001F1E0F /* Constants.swift */ = {isa = PBXFileReference; lastKnownFileType = sourcecode.swift; path = Constants.swift; sourceTree = "<group>"; };
/* End PBXFileReference section */

/* Begin PBXFrameworksBuildPhase section */
		F5E834BB20676636001F1E0F /* Frameworks */ = {
			isa = PBXFrameworksBuildPhase;
			buildActionMask = 2147483647;
			files = (
				CA236A0050EAE24738C9CF40 /* Pods_ChatPro.framework in Frameworks */,
			);
			runOnlyForDeploymentPostprocessing = 0;
		};
/* End PBXFrameworksBuildPhase section */

/* Begin PBXGroup section */
		C2A623D79F4583F9CB7CEBB0 /* Pods */ = {
			isa = PBXGroup;
			children = (
				733D1813465272CF913A7E27 /* Pods-ChatPro.debug.xcconfig */,
				9D38F4D1EAAE1F71D36D6715 /* Pods-ChatPro.release.xcconfig */,
			);
			name = Pods;
			sourceTree = "<group>";
		};
		F5C0F4816BE65A9E2569F6A5 /* Frameworks */ = {
			isa = PBXGroup;
			children = (
				B80D8175176C5BD7AD90187C /* Pods_ChatPro.framework */,
			);
			name = Frameworks;
			sourceTree = "<group>";
		};
		F5E834B520676636001F1E0F = {
			isa = PBXGroup;
			children = (
				F5E834C020676636001F1E0F /* ChatPro */,
				F5E834BF20676636001F1E0F /* Products */,
				C2A623D79F4583F9CB7CEBB0 /* Pods */,
				F5C0F4816BE65A9E2569F6A5 /* Frameworks */,
			);
			sourceTree = "<group>";
		};
		F5E834BF20676636001F1E0F /* Products */ = {
			isa = PBXGroup;
			children = (
				F5E834BE20676636001F1E0F /* ChatPro.app */,
			);
			name = Products;
			sourceTree = "<group>";
		};
		F5E834C020676636001F1E0F /* ChatPro */ = {
			isa = PBXGroup;
			children = (
				F5E834E8206797EA001F1E0F /* Utilities */,
				F5E834DB20677947001F1E0F /* Model */,
				F5E834DA2067793F001F1E0F /* View */,
				F5E834D92067792A001F1E0F /* Controller */,
				F5E834D420676A51001F1E0F /* Supporting Files */,
				F5E834C120676636001F1E0F /* AppDelegate.swift */,
				F5E834C320676636001F1E0F /* ViewController.swift */,
				F5E834C520676636001F1E0F /* Main.storyboard */,
				F5E834C820676636001F1E0F /* Assets.xcassets */,
				F5E834CA20676636001F1E0F /* LaunchScreen.storyboard */,
				F5E834CD20676636001F1E0F /* Info.plist */,
			);
			path = ChatPro;
			sourceTree = "<group>";
		};
		F5E834D420676A51001F1E0F /* Supporting Files */ = {
			isa = PBXGroup;
			children = (
				F5E834D620676A8B001F1E0F /* SWRevealViewController.h */,
				F5E834D720676A8B001F1E0F /* SWRevealViewController.m */,
				F5E834D520676A8A001F1E0F /* ChatPro-Bridging-Header.h */,
			);
			path = "Supporting Files";
			sourceTree = "<group>";
		};
		F5E834D92067792A001F1E0F /* Controller */ = {
			isa = PBXGroup;
			children = (
				F5E834DC206779B8001F1E0F /* ChannelVC.swift */,
				F5E834DE206779C7001F1E0F /* ChatVC.swift */,
				F5E834E020677A4E001F1E0F /* LoginVC.swift */,
				F5E834E220677A62001F1E0F /* CreateAccountVC.swift */,
			);
			path = Controller;
			sourceTree = "<group>";
		};
		F5E834DA2067793F001F1E0F /* View */ = {
			isa = PBXGroup;
			children = (
				F5E834E620677BCC001F1E0F /* GradientView.swift */,
			);
			path = View;
			sourceTree = "<group>";
		};
		F5E834DB20677947001F1E0F /* Model */ = {
			isa = PBXGroup;
			children = (
			);
			path = Model;
			sourceTree = "<group>";
		};
		F5E834E8206797EA001F1E0F /* Utilities */ = {
			isa = PBXGroup;
			children = (
				F5E834E920679814001F1E0F /* Constants.swift */,
			);
			path = Utilities;
			sourceTree = "<group>";
		};
/* End PBXGroup section */

/* Begin PBXNativeTarget section */
		F5E834BD20676636001F1E0F /* ChatPro */ = {
			isa = PBXNativeTarget;
			buildConfigurationList = F5E834D020676636001F1E0F /* Build configuration list for PBXNativeTarget "ChatPro" */;
			buildPhases = (
				E6A4CB4B50F2420F39E04B8A /* [CP] Check Pods Manifest.lock */,
				F5E834BA20676636001F1E0F /* Sources */,
				F5E834BB20676636001F1E0F /* Frameworks */,
				F5E834BC20676636001F1E0F /* Resources */,
				0FE1D2D876CACA13D905BC86 /* [CP] Embed Pods Frameworks */,
				979E5370191785A5B15192F9 /* [CP] Copy Pods Resources */,
			);
			buildRules = (
			);
			dependencies = (
			);
			name = ChatPro;
			productName = ChatPro;
			productReference = F5E834BE20676636001F1E0F /* ChatPro.app */;
			productType = "com.apple.product-type.application";
		};
/* End PBXNativeTarget section */

/* Begin PBXProject section */
		F5E834B620676636001F1E0F /* Project object */ = {
			isa = PBXProject;
			attributes = {
				LastSwiftUpdateCheck = 0920;
				LastUpgradeCheck = 0920;
				ORGANIZATIONNAME = "Siddhant Sahare";
				TargetAttributes = {
					F5E834BD20676636001F1E0F = {
						CreatedOnToolsVersion = 9.2;
						LastSwiftMigration = 0920;
						ProvisioningStyle = Automatic;
					};
				};
			};
			buildConfigurationList = F5E834B920676636001F1E0F /* Build configuration list for PBXProject "ChatPro" */;
			compatibilityVersion = "Xcode 8.0";
			developmentRegion = en;
			hasScannedForEncodings = 0;
			knownRegions = (
				en,
				Base,
			);
			mainGroup = F5E834B520676636001F1E0F;
			productRefGroup = F5E834BF20676636001F1E0F /* Products */;
			projectDirPath = "";
			projectRoot = "";
			targets = (
				F5E834BD20676636001F1E0F /* ChatPro */,
			);
		};
/* End PBXProject section */

/* Begin PBXResourcesBuildPhase section */
		F5E834BC20676636001F1E0F /* Resources */ = {
			isa = PBXResourcesBuildPhase;
			buildActionMask = 2147483647;
			files = (
				F5E834CC20676636001F1E0F /* LaunchScreen.storyboard in Resources */,
				F5E834C920676636001F1E0F /* Assets.xcassets in Resources */,
				F5E834C720676636001F1E0F /* Main.storyboard in Resources */,
			);
			runOnlyForDeploymentPostprocessing = 0;
		};
/* End PBXResourcesBuildPhase section */

/* Begin PBXShellScriptBuildPhase section */
		0FE1D2D876CACA13D905BC86 /* [CP] Embed Pods Frameworks */ = {
			isa = PBXShellScriptBuildPhase;
			buildActionMask = 2147483647;
			files = (
			);
			inputPaths = (
				"${SRCROOT}/Pods/Target Support Files/Pods-ChatPro/Pods-ChatPro-frameworks.sh",
				"${BUILT_PRODUCTS_DIR}/Alamofire/Alamofire.framework",
				"${BUILT_PRODUCTS_DIR}/Socket.IO-Client-Swift/SocketIO.framework",
				"${BUILT_PRODUCTS_DIR}/Starscream/Starscream.framework",
				"${BUILT_PRODUCTS_DIR}/SwiftyJSON/SwiftyJSON.framework",
			);
			name = "[CP] Embed Pods Frameworks";
			outputPaths = (
				"${TARGET_BUILD_DIR}/${FRAMEWORKS_FOLDER_PATH}/Alamofire.framework",
				"${TARGET_BUILD_DIR}/${FRAMEWORKS_FOLDER_PATH}/SocketIO.framework",
				"${TARGET_BUILD_DIR}/${FRAMEWORKS_FOLDER_PATH}/Starscream.framework",
				"${TARGET_BUILD_DIR}/${FRAMEWORKS_FOLDER_PATH}/SwiftyJSON.framework",
			);
			runOnlyForDeploymentPostprocessing = 0;
			shellPath = /bin/sh;
			shellScript = "\"${SRCROOT}/Pods/Target Support Files/Pods-ChatPro/Pods-ChatPro-frameworks.sh\"\n";
			showEnvVarsInLog = 0;
		};
		979E5370191785A5B15192F9 /* [CP] Copy Pods Resources */ = {
			isa = PBXShellScriptBuildPhase;
			buildActionMask = 2147483647;
			files = (
			);
			inputPaths = (
			);
			name = "[CP] Copy Pods Resources";
			outputPaths = (
			);
			runOnlyForDeploymentPostprocessing = 0;
			shellPath = /bin/sh;
			shellScript = "\"${SRCROOT}/Pods/Target Support Files/Pods-ChatPro/Pods-ChatPro-resources.sh\"\n";
			showEnvVarsInLog = 0;
		};
		E6A4CB4B50F2420F39E04B8A /* [CP] Check Pods Manifest.lock */ = {
			isa = PBXShellScriptBuildPhase;
			buildActionMask = 2147483647;
			files = (
			);
			inputPaths = (
				"${PODS_PODFILE_DIR_PATH}/Podfile.lock",
				"${PODS_ROOT}/Manifest.lock",
			);
			name = "[CP] Check Pods Manifest.lock";
			outputPaths = (
				"$(DERIVED_FILE_DIR)/Pods-ChatPro-checkManifestLockResult.txt",
			);
			runOnlyForDeploymentPostprocessing = 0;
			shellPath = /bin/sh;
			shellScript = "diff \"${PODS_PODFILE_DIR_PATH}/Podfile.lock\" \"${PODS_ROOT}/Manifest.lock\" > /dev/null\nif [ $? != 0 ] ; then\n    # print error to STDERR\n    echo \"error: The sandbox is not in sync with the Podfile.lock. Run 'pod install' or update your CocoaPods installation.\" >&2\n    exit 1\nfi\n# This output is used by Xcode 'outputs' to avoid re-running this script phase.\necho \"SUCCESS\" > \"${SCRIPT_OUTPUT_FILE_0}\"\n";
			showEnvVarsInLog = 0;
		};
/* End PBXShellScriptBuildPhase section */

/* Begin PBXSourcesBuildPhase section */
		F5E834BA20676636001F1E0F /* Sources */ = {
			isa = PBXSourcesBuildPhase;
			buildActionMask = 2147483647;
			files = (
				F5E834DD206779B8001F1E0F /* ChannelVC.swift in Sources */,
				F5E834C420676636001F1E0F /* ViewController.swift in Sources */,
				F5E834E120677A4E001F1E0F /* LoginVC.swift in Sources */,
				F5E834C220676636001F1E0F /* AppDelegate.swift in Sources */,
				F5E834E320677A62001F1E0F /* CreateAccountVC.swift in Sources */,
				F5E834D820676A8B001F1E0F /* SWRevealViewController.m in Sources */,
				F5E834E720677BCC001F1E0F /* GradientView.swift in Sources */,
				F5E834DF206779C7001F1E0F /* ChatVC.swift in Sources */,
				F5E834EA20679814001F1E0F /* Constants.swift in Sources */,
			);
			runOnlyForDeploymentPostprocessing = 0;
		};
/* End PBXSourcesBuildPhase section */

/* Begin PBXVariantGroup section */
		F5E834C520676636001F1E0F /* Main.storyboard */ = {
			isa = PBXVariantGroup;
			children = (
				F5E834C620676636001F1E0F /* Base */,
			);
			name = Main.storyboard;
			sourceTree = "<group>";
		};
		F5E834CA20676636001F1E0F /* LaunchScreen.storyboard */ = {
			isa = PBXVariantGroup;
			children = (
				F5E834CB20676636001F1E0F /* Base */,
			);
			name = LaunchScreen.storyboard;
			sourceTree = "<group>";
		};
/* End PBXVariantGroup section */

/* Begin XCBuildConfiguration section */
		F5E834CE20676636001F1E0F /* Debug */ = {
			isa = XCBuildConfiguration;
			buildSettings = {
				ALWAYS_SEARCH_USER_PATHS = NO;
				CLANG_ANALYZER_NONNULL = YES;
				CLANG_ANALYZER_NUMBER_OBJECT_CONVERSION = YES_AGGRESSIVE;
				CLANG_CXX_LANGUAGE_STANDARD = "gnu++14";
				CLANG_CXX_LIBRARY = "libc++";
				CLANG_ENABLE_MODULES = YES;
				CLANG_ENABLE_OBJC_ARC = YES;
				CLANG_WARN_BLOCK_CAPTURE_AUTORELEASING = YES;
				CLANG_WARN_BOOL_CONVERSION = YES;
				CLANG_WARN_COMMA = YES;
				CLANG_WARN_CONSTANT_CONVERSION = YES;
				CLANG_WARN_DIRECT_OBJC_ISA_USAGE = YES_ERROR;
				CLANG_WARN_DOCUMENTATION_COMMENTS = YES;
				CLANG_WARN_EMPTY_BODY = YES;
				CLANG_WARN_ENUM_CONVERSION = YES;
				CLANG_WARN_INFINITE_RECURSION = YES;
				CLANG_WARN_INT_CONVERSION = YES;
				CLANG_WARN_NON_LITERAL_NULL_CONVERSION = YES;
				CLANG_WARN_OBJC_LITERAL_CONVERSION = YES;
				CLANG_WARN_OBJC_ROOT_CLASS = YES_ERROR;
				CLANG_WARN_RANGE_LOOP_ANALYSIS = YES;
				CLANG_WARN_STRICT_PROTOTYPES = YES;
				CLANG_WARN_SUSPICIOUS_MOVE = YES;
				CLANG_WARN_UNGUARDED_AVAILABILITY = YES_AGGRESSIVE;
				CLANG_WARN_UNREACHABLE_CODE = YES;
				CLANG_WARN__DUPLICATE_METHOD_MATCH = YES;
				CODE_SIGN_IDENTITY = "iPhone Developer";
				COPY_PHASE_STRIP = NO;
				DEBUG_INFORMATION_FORMAT = dwarf;
				ENABLE_STRICT_OBJC_MSGSEND = YES;
				ENABLE_TESTABILITY = YES;
				GCC_C_LANGUAGE_STANDARD = gnu11;
				GCC_DYNAMIC_NO_PIC = NO;
				GCC_NO_COMMON_BLOCKS = YES;
				GCC_OPTIMIZATION_LEVEL = 0;
				GCC_PREPROCESSOR_DEFINITIONS = (
					"DEBUG=1",
					"$(inherited)",
				);
				GCC_WARN_64_TO_32_BIT_CONVERSION = YES;
				GCC_WARN_ABOUT_RETURN_TYPE = YES_ERROR;
				GCC_WARN_UNDECLARED_SELECTOR = YES;
				GCC_WARN_UNINITIALIZED_AUTOS = YES_AGGRESSIVE;
				GCC_WARN_UNUSED_FUNCTION = YES;
				GCC_WARN_UNUSED_VARIABLE = YES;
				IPHONEOS_DEPLOYMENT_TARGET = 11.2;
				MTL_ENABLE_DEBUG_INFO = YES;
				ONLY_ACTIVE_ARCH = YES;
				SDKROOT = iphoneos;
				SWIFT_ACTIVE_COMPILATION_CONDITIONS = DEBUG;
				SWIFT_OPTIMIZATION_LEVEL = "-Onone";
			};
			name = Debug;
		};
		F5E834CF20676636001F1E0F /* Release */ = {
			isa = XCBuildConfiguration;
			buildSettings = {
				ALWAYS_SEARCH_USER_PATHS = NO;
				CLANG_ANALYZER_NONNULL = YES;
				CLANG_ANALYZER_NUMBER_OBJECT_CONVERSION = YES_AGGRESSIVE;
				CLANG_CXX_LANGUAGE_STANDARD = "gnu++14";
				CLANG_CXX_LIBRARY = "libc++";
				CLANG_ENABLE_MODULES = YES;
				CLANG_ENABLE_OBJC_ARC = YES;
				CLANG_WARN_BLOCK_CAPTURE_AUTORELEASING = YES;
				CLANG_WARN_BOOL_CONVERSION = YES;
				CLANG_WARN_COMMA = YES;
				CLANG_WARN_CONSTANT_CONVERSION = YES;
				CLANG_WARN_DIRECT_OBJC_ISA_USAGE = YES_ERROR;
				CLANG_WARN_DOCUMENTATION_COMMENTS = YES;
				CLANG_WARN_EMPTY_BODY = YES;
				CLANG_WARN_ENUM_CONVERSION = YES;
				CLANG_WARN_INFINITE_RECURSION = YES;
				CLANG_WARN_INT_CONVERSION = YES;
				CLANG_WARN_NON_LITERAL_NULL_CONVERSION = YES;
				CLANG_WARN_OBJC_LITERAL_CONVERSION = YES;
				CLANG_WARN_OBJC_ROOT_CLASS = YES_ERROR;
				CLANG_WARN_RANGE_LOOP_ANALYSIS = YES;
				CLANG_WARN_STRICT_PROTOTYPES = YES;
				CLANG_WARN_SUSPICIOUS_MOVE = YES;
				CLANG_WARN_UNGUARDED_AVAILABILITY = YES_AGGRESSIVE;
				CLANG_WARN_UNREACHABLE_CODE = YES;
				CLANG_WARN__DUPLICATE_METHOD_MATCH = YES;
				CODE_SIGN_IDENTITY = "iPhone Developer";
				COPY_PHASE_STRIP = NO;
				DEBUG_INFORMATION_FORMAT = "dwarf-with-dsym";
				ENABLE_NS_ASSERTIONS = NO;
				ENABLE_STRICT_OBJC_MSGSEND = YES;
				GCC_C_LANGUAGE_STANDARD = gnu11;
				GCC_NO_COMMON_BLOCKS = YES;
				GCC_WARN_64_TO_32_BIT_CONVERSION = YES;
				GCC_WARN_ABOUT_RETURN_TYPE = YES_ERROR;
				GCC_WARN_UNDECLARED_SELECTOR = YES;
				GCC_WARN_UNINITIALIZED_AUTOS = YES_AGGRESSIVE;
				GCC_WARN_UNUSED_FUNCTION = YES;
				GCC_WARN_UNUSED_VARIABLE = YES;
				IPHONEOS_DEPLOYMENT_TARGET = 11.2;
				MTL_ENABLE_DEBUG_INFO = NO;
				SDKROOT = iphoneos;
				SWIFT_OPTIMIZATION_LEVEL = "-Owholemodule";
				VALIDATE_PRODUCT = YES;
			};
			name = Release;
		};
		F5E834D120676636001F1E0F /* Debug */ = {
			isa = XCBuildConfiguration;
			baseConfigurationReference = 733D1813465272CF913A7E27 /* Pods-ChatPro.debug.xcconfig */;
			buildSettings = {
				ASSETCATALOG_COMPILER_APPICON_NAME = AppIcon;
				CLANG_ENABLE_MODULES = YES;
				CODE_SIGN_STYLE = Automatic;
				DEVELOPMENT_TEAM = 4EZLQJ9M65;
				INFOPLIST_FILE = ChatPro/Info.plist;
				LD_RUNPATH_SEARCH_PATHS = "$(inherited) @executable_path/Frameworks";
				PRODUCT_BUNDLE_IDENTIFIER = "com.Siddhant-Sahare.ChatPro";
				PRODUCT_NAME = "$(TARGET_NAME)";
				SWIFT_OBJC_BRIDGING_HEADER = "ChatPro/Supporting Files/ChatPro-Bridging-Header.h";
				SWIFT_OPTIMIZATION_LEVEL = "-Onone";
				SWIFT_VERSION = 4.0;
				TARGETED_DEVICE_FAMILY = "1,2";
			};
			name = Debug;
		};
		F5E834D220676636001F1E0F /* Release */ = {
			isa = XCBuildConfiguration;
			baseConfigurationReference = 9D38F4D1EAAE1F71D36D6715 /* Pods-ChatPro.release.xcconfig */;
			buildSettings = {
				ASSETCATALOG_COMPILER_APPICON_NAME = AppIcon;
				CLANG_ENABLE_MODULES = YES;
				CODE_SIGN_STYLE = Automatic;
				DEVELOPMENT_TEAM = 4EZLQJ9M65;
				INFOPLIST_FILE = ChatPro/Info.plist;
				LD_RUNPATH_SEARCH_PATHS = "$(inherited) @executable_path/Frameworks";
				PRODUCT_BUNDLE_IDENTIFIER = "com.Siddhant-Sahare.ChatPro";
				PRODUCT_NAME = "$(TARGET_NAME)";
				SWIFT_OBJC_BRIDGING_HEADER = "ChatPro/Supporting Files/ChatPro-Bridging-Header.h";
				SWIFT_VERSION = 4.0;
				TARGETED_DEVICE_FAMILY = "1,2";
			};
			name = Release;
		};
/* End XCBuildConfiguration section */

/* Begin XCConfigurationList section */
		F5E834B920676636001F1E0F /* Build configuration list for PBXProject "ChatPro" */ = {
			isa = XCConfigurationList;
			buildConfigurations = (
				F5E834CE20676636001F1E0F /* Debug */,
				F5E834CF20676636001F1E0F /* Release */,
			);
			defaultConfigurationIsVisible = 0;
			defaultConfigurationName = Release;
		};
		F5E834D020676636001F1E0F /* Build configuration list for PBXNativeTarget "ChatPro" */ = {
			isa = XCConfigurationList;
			buildConfigurations = (
				F5E834D120676636001F1E0F /* Debug */,
				F5E834D220676636001F1E0F /* Release */,
			);
			defaultConfigurationIsVisible = 0;
			defaultConfigurationName = Release;
		};
/* End XCConfigurationList section */
	};
	rootObject = F5E834B620676636001F1E0F /* Project object */;
}
